
Microsoft Visual Studio Solution File, Format Version 12.00
# Visual Studio 15
VisualStudioVersion = 15.0.27130.2027
MinimumVisualStudioVersion = 10.0.40219.1
Project("{FAE04EC0-301F-11D3-BF4B-00C04F79EFBC}") = "EpdFirefly", "EpdFirefly\EpdFirefly.csproj", "{87D5BA3D-48EE-4689-8115-0B81E9653960}"
EndProject
Global
	GlobalSection(SolutionConfigurationPlatforms) = preSolution
		Debug|Any CPU = Debug|Any CPU
		Release|Any CPU = Release|Any CPU
	EndGlobalSection
	GlobalSection(ProjectConfigurationPlatforms) = postSolution
		{87D5BA3D-48EE-4689-8115-0B81E9653960}.Debug|Any CPU.ActiveCfg = Debug|Any CPU
		{87D5BA3D-48EE-4689-8115-0B81E9653960}.Debug|Any CPU.Build.0 = Debug|Any CPU
		{87D5BA3D-48EE-4689-8115-0B81E9653960}.Release|Any CPU.ActiveCfg = Release|Any CPU
		{87D5BA3D-48EE-4689-8115-0B81E9653960}.Release|Any CPU.Build.0 = Release|Any CPU
	EndGlobalSection
	GlobalSection(SolutionProperties) = preSolution
		HideSolutionNode = FALSE
	EndGlobalSection
	GlobalSection(ExtensibilityGlobals) = postSolution
		SolutionGuid = {08F12083-CB86-4DF1-83A6-12B428308750}
	EndGlobalSection
EndGlobal
